{
  "requires": true,
  "lockfileVersion": 1,
  "dependencies": {
    "mini-ali-ui-rpx": {
      "version": "1.1.2",
      "resolved": "https://registry.npm.taobao.org/mini-ali-ui-rpx/download/mini-ali-ui-rpx-1.1.2.tgz",
      "integrity": "sha1-/3OzF7coN4Q0xH74WHnsWY8QW7M="
    },
    "qs": {
      "version": "6.9.4",
      "resolved": "https://registry.npm.taobao.org/qs/download/qs-6.9.4.tgz",
      "integrity": "sha1-kJCykNH5FyjTwi5UhDykSupatoc="
    }
  }
}
